
Microsoft Visual Studio Solution File, Format Version 12.00
# Visual Studio Version 16
VisualStudioVersion = 16.0.30907.101
MinimumVisualStudioVersion = 10.0.40219.1
Project("{FAE04EC0-301F-11D3-BF4B-00C04F79EFBC}") = "ConsoleApp1", "ConsoleApp1\ConsoleApp1.csproj", "{33D2005A-FA89-4185-B7D0-F8F2EF9C0D3C}"
EndProject
Project("{9A19103F-16F7-4668-BE54-9A1E7A4F7556}") = "Casting", "Casting\Casting.csproj", "{31E2478E-00D3-4924-B0C8-3AF17B81F6B2}"
EndProject
Project("{9A19103F-16F7-4668-BE54-9A1E7A4F7556}") = "OOP", "OOP\OOP.csproj", "{0146FC43-780C-4372-B114-768A2C2ACBE9}"
EndProject
Project("{9A19103F-16F7-4668-BE54-9A1E7A4F7556}") = "Multithreading", "Multithreading\Multithreading.csproj", "{84236AA4-0D71-4FB9-AD2B-7A18B613AAE0}"
EndProject
Project("{9A19103F-16F7-4668-BE54-9A1E7A4F7556}") = "Tasks", "Tasks\Tasks.csproj", "{F966A8E0-6E95-4589-9E02-0EA9E1F9C6B3}"
EndProject
Project("{9A19103F-16F7-4668-BE54-9A1E7A4F7556}") = "DataStructures", "DataStructures\DataStructures.csproj", "{98632646-BE30-40AD-809A-976C0764F940}"
EndProject
Project("{9A19103F-16F7-4668-BE54-9A1E7A4F7556}") = "Keywords", "Keywords\Keywords.csproj", "{4517EFA3-D46D-47A9-99FA-69E5F88E2174}"
EndProject
Project("{9A19103F-16F7-4668-BE54-9A1E7A4F7556}") = "Delegates", "Delegates\Delegates.csproj", "{E76D275E-6213-42A6-98FB-2892EB78321A}"
EndProject
Project("{FAE04EC0-301F-11D3-BF4B-00C04F79EFBC}") = "Indexers", "Indexers\Indexers.csproj", "{7D4D1339-8865-4D4F-95FC-A341F86CBD36}"
EndProject
Global
	GlobalSection(SolutionConfigurationPlatforms) = preSolution
		Debug|Any CPU = Debug|Any CPU
		Release|Any CPU = Release|Any CPU
	EndGlobalSection
	GlobalSection(ProjectConfigurationPlatforms) = postSolution
		{33D2005A-FA89-4185-B7D0-F8F2EF9C0D3C}.Debug|Any CPU.ActiveCfg = Debug|Any CPU
		{33D2005A-FA89-4185-B7D0-F8F2EF9C0D3C}.Debug|Any CPU.Build.0 = Debug|Any CPU
		{33D2005A-FA89-4185-B7D0-F8F2EF9C0D3C}.Release|Any CPU.ActiveCfg = Release|Any CPU
		{33D2005A-FA89-4185-B7D0-F8F2EF9C0D3C}.Release|Any CPU.Build.0 = Release|Any CPU
		{31E2478E-00D3-4924-B0C8-3AF17B81F6B2}.Debug|Any CPU.ActiveCfg = Debug|Any CPU
		{31E2478E-00D3-4924-B0C8-3AF17B81F6B2}.Debug|Any CPU.Build.0 = Debug|Any CPU
		{31E2478E-00D3-4924-B0C8-3AF17B81F6B2}.Release|Any CPU.ActiveCfg = Release|Any CPU
		{31E2478E-00D3-4924-B0C8-3AF17B81F6B2}.Release|Any CPU.Build.0 = Release|Any CPU
		{0146FC43-780C-4372-B114-768A2C2ACBE9}.Debug|Any CPU.ActiveCfg = Debug|Any CPU
		{0146FC43-780C-4372-B114-768A2C2ACBE9}.Debug|Any CPU.Build.0 = Debug|Any CPU
		{0146FC43-780C-4372-B114-768A2C2ACBE9}.Release|Any CPU.ActiveCfg = Release|Any CPU
		{0146FC43-780C-4372-B114-768A2C2ACBE9}.Release|Any CPU.Build.0 = Release|Any CPU
		{84236AA4-0D71-4FB9-AD2B-7A18B613AAE0}.Debug|Any CPU.ActiveCfg = Debug|Any CPU
		{84236AA4-0D71-4FB9-AD2B-7A18B613AAE0}.Debug|Any CPU.Build.0 = Debug|Any CPU
		{84236AA4-0D71-4FB9-AD2B-7A18B613AAE0}.Release|Any CPU.ActiveCfg = Release|Any CPU
		{84236AA4-0D71-4FB9-AD2B-7A18B613AAE0}.Release|Any CPU.Build.0 = Release|Any CPU
		{F966A8E0-6E95-4589-9E02-0EA9E1F9C6B3}.Debug|Any CPU.ActiveCfg = Debug|Any CPU
		{F966A8E0-6E95-4589-9E02-0EA9E1F9C6B3}.Debug|Any CPU.Build.0 = Debug|Any CPU
		{F966A8E0-6E95-4589-9E02-0EA9E1F9C6B3}.Release|Any CPU.ActiveCfg = Release|Any CPU
		{F966A8E0-6E95-4589-9E02-0EA9E1F9C6B3}.Release|Any CPU.Build.0 = Release|Any CPU
		{98632646-BE30-40AD-809A-976C0764F940}.Debug|Any CPU.ActiveCfg = Debug|Any CPU
		{98632646-BE30-40AD-809A-976C0764F940}.Debug|Any CPU.Build.0 = Debug|Any CPU
		{98632646-BE30-40AD-809A-976C0764F940}.Release|Any CPU.ActiveCfg = Release|Any CPU
		{98632646-BE30-40AD-809A-976C0764F940}.Release|Any CPU.Build.0 = Release|Any CPU
		{4517EFA3-D46D-47A9-99FA-69E5F88E2174}.Debug|Any CPU.ActiveCfg = Debug|Any CPU
		{4517EFA3-D46D-47A9-99FA-69E5F88E2174}.Debug|Any CPU.Build.0 = Debug|Any CPU
		{4517EFA3-D46D-47A9-99FA-69E5F88E2174}.Release|Any CPU.ActiveCfg = Release|Any CPU
		{4517EFA3-D46D-47A9-99FA-69E5F88E2174}.Release|Any CPU.Build.0 = Release|Any CPU
		{E76D275E-6213-42A6-98FB-2892EB78321A}.Debug|Any CPU.ActiveCfg = Debug|Any CPU
		{E76D275E-6213-42A6-98FB-2892EB78321A}.Debug|Any CPU.Build.0 = Debug|Any CPU
		{E76D275E-6213-42A6-98FB-2892EB78321A}.Release|Any CPU.ActiveCfg = Release|Any CPU
		{E76D275E-6213-42A6-98FB-2892EB78321A}.Release|Any CPU.Build.0 = Release|Any CPU
		{7D4D1339-8865-4D4F-95FC-A341F86CBD36}.Debug|Any CPU.ActiveCfg = Debug|Any CPU
		{7D4D1339-8865-4D4F-95FC-A341F86CBD36}.Debug|Any CPU.Build.0 = Debug|Any CPU
		{7D4D1339-8865-4D4F-95FC-A341F86CBD36}.Release|Any CPU.ActiveCfg = Release|Any CPU
		{7D4D1339-8865-4D4F-95FC-A341F86CBD36}.Release|Any CPU.Build.0 = Release|Any CPU
	EndGlobalSection
	GlobalSection(SolutionProperties) = preSolution
		HideSolutionNode = FALSE
	EndGlobalSection
	GlobalSection(ExtensibilityGlobals) = postSolution
		SolutionGuid = {BAD85A2A-6805-4F8B-8EA0-EDACB154DB9C}
	EndGlobalSection
EndGlobal
